
Microsoft Visual Studio Solution File, Format Version 12.00
# Visual Studio Version 16
VisualStudioVersion = 16.0.29728.190
MinimumVisualStudioVersion = 10.0.40219.1
Project("{888888A0-9F3D-457C-B088-3A5042F75D52}") = "Game Idea Generator", "Game Idea Generator\Game Idea Generator.pyproj", "{D7BB5CA1-EEC4-43C8-AD15-6FA59077E424}"
EndProject
Global
	GlobalSection(SolutionConfigurationPlatforms) = preSolution
		Debug|Any CPU = Debug|Any CPU
		Release|Any CPU = Release|Any CPU
	EndGlobalSection
	GlobalSection(ProjectConfigurationPlatforms) = postSolution
		{D7BB5CA1-EEC4-43C8-AD15-6FA59077E424}.Debug|Any CPU.ActiveCfg = Debug|Any CPU
		{D7BB5CA1-EEC4-43C8-AD15-6FA59077E424}.Release|Any CPU.ActiveCfg = Release|Any CPU
	EndGlobalSection
	GlobalSection(SolutionProperties) = preSolution
		HideSolutionNode = FALSE
	EndGlobalSection
	GlobalSection(ExtensibilityGlobals) = postSolution
		SolutionGuid = {49A237A4-E386-409B-AFFB-D0AFD2D183B7}
	EndGlobalSection
EndGlobal
